// !$*UTF8*$!
{
	archiveVersion = 1;
	classes = {
	};
	objectVersion = 56;
	objects = {

/* Begin PBXBuildFile section */
		94BCC6332972013E004D2D01 /* AppDelegate.swift in Sources */ = {isa = PBXBuildFile; fileRef = 94BCC6322972013E004D2D01 /* AppDelegate.swift */; };
		94BCC6352972013E004D2D01 /* SceneDelegate.swift in Sources */ = {isa = PBXBuildFile; fileRef = 94BCC6342972013E004D2D01 /* SceneDelegate.swift */; };
		94BCC63A2972013E004D2D01 /* Main.storyboard in Resources */ = {isa = PBXBuildFile; fileRef = 94BCC6382972013E004D2D01 /* Main.storyboard */; };
		94BCC63C2972013F004D2D01 /* Assets.xcassets in Resources */ = {isa = PBXBuildFile; fileRef = 94BCC63B2972013F004D2D01 /* Assets.xcassets */; };
		94BCC63F2972013F004D2D01 /* LaunchScreen.storyboard in Resources */ = {isa = PBXBuildFile; fileRef = 94BCC63D2972013F004D2D01 /* LaunchScreen.storyboard */; };
		94BCC64B297202E0004D2D01 /* CurrencyNetworkController.swift in Sources */ = {isa = PBXBuildFile; fileRef = 94BCC64A297202E0004D2D01 /* CurrencyNetworkController.swift */; };
		94BCC64D297212E4004D2D01 /* ConvertsionOneToOthersViewController.swift in Sources */ = {isa = PBXBuildFile; fileRef = 94BCC64C297212E4004D2D01 /* ConvertsionOneToOthersViewController.swift */; };
		94BCC64F29721312004D2D01 /* ConversionFromBaseViewController.swift in Sources */ = {isa = PBXBuildFile; fileRef = 94BCC64E29721312004D2D01 /* ConversionFromBaseViewController.swift */; };
		94BCC651297215EA004D2D01 /* BaseToOthersTableViewCell.swift in Sources */ = {isa = PBXBuildFile; fileRef = 94BCC650297215EA004D2D01 /* BaseToOthersTableViewCell.swift */; };
		94BCC65329721A38004D2D01 /* CurrenciesTableViewCell.swift in Sources */ = {isa = PBXBuildFile; fileRef = 94BCC65229721A38004D2D01 /* CurrenciesTableViewCell.swift */; };
		94BCC65529721AA8004D2D01 /* CurrenciesTableViewController.swift in Sources */ = {isa = PBXBuildFile; fileRef = 94BCC65429721AA8004D2D01 /* CurrenciesTableViewController.swift */; };
/* End PBXBuildFile section */

/* Begin PBXFileReference section */
		94BCC62F2972013E004D2D01 /* FreeCurrencyRates.app */ = {isa = PBXFileReference; explicitFileType = wrapper.application; includeInIndex = 0; path = FreeCurrencyRates.app; sourceTree = BUILT_PRODUCTS_DIR; };
		94BCC6322972013E004D2D01 /* AppDelegate.swift */ = {isa = PBXFileReference; lastKnownFileType = sourcecode.swift; path = AppDelegate.swift; sourceTree = "<group>"; };
		94BCC6342972013E004D2D01 /* SceneDelegate.swift */ = {isa = PBXFileReference; lastKnownFileType = sourcecode.swift; path = SceneDelegate.swift; sourceTree = "<group>"; };
		94BCC6392972013E004D2D01 /* Base */ = {isa = PBXFileReference; lastKnownFileType = file.storyboard; name = Base; path = Base.lproj/Main.storyboard; sourceTree = "<group>"; };
		94BCC63B2972013F004D2D01 /* Assets.xcassets */ = {isa = PBXFileReference; lastKnownFileType = folder.assetcatalog; path = Assets.xcassets; sourceTree = "<group>"; };
		94BCC63E2972013F004D2D01 /* Base */ = {isa = PBXFileReference; lastKnownFileType = file.storyboard; name = Base; path = Base.lproj/LaunchScreen.storyboard; sourceTree = "<group>"; };
		94BCC6402972013F004D2D01 /* Info.plist */ = {isa = PBXFileReference; lastKnownFileType = text.plist.xml; path = Info.plist; sourceTree = "<group>"; };
		94BCC64A297202E0004D2D01 /* CurrencyNetworkController.swift */ = {isa = PBXFileReference; lastKnownFileType = sourcecode.swift; path = CurrencyNetworkController.swift; sourceTree = "<group>"; };
		94BCC64C297212E4004D2D01 /* ConvertsionOneToOthersViewController.swift */ = {isa = PBXFileReference; lastKnownFileType = sourcecode.swift; path = ConvertsionOneToOthersViewController.swift; sourceTree = "<group>"; };
		94BCC64E29721312004D2D01 /* ConversionFromBaseViewController.swift */ = {isa = PBXFileReference; lastKnownFileType = sourcecode.swift; path = ConversionFromBaseViewController.swift; sourceTree = "<group>"; };
		94BCC650297215EA004D2D01 /* BaseToOthersTableViewCell.swift */ = {isa = PBXFileReference; lastKnownFileType = sourcecode.swift; path = BaseToOthersTableViewCell.swift; sourceTree = "<group>"; };
		94BCC65229721A38004D2D01 /* CurrenciesTableViewCell.swift */ = {isa = PBXFileReference; lastKnownFileType = sourcecode.swift; path = CurrenciesTableViewCell.swift; sourceTree = "<group>"; };
		94BCC65429721AA8004D2D01 /* CurrenciesTableViewController.swift */ = {isa = PBXFileReference; lastKnownFileType = sourcecode.swift; path = CurrenciesTableViewController.swift; sourceTree = "<group>"; };
/* End PBXFileReference section */

/* Begin PBXFrameworksBuildPhase section */
		94BCC62C2972013E004D2D01 /* Frameworks */ = {
			isa = PBXFrameworksBuildPhase;
			buildActionMask = 2147483647;
			files = (
			);
			runOnlyForDeploymentPostprocessing = 0;
		};
/* End PBXFrameworksBuildPhase section */

/* Begin PBXGroup section */
		94BCC6262972013E004D2D01 = {
			isa = PBXGroup;
			children = (
				94BCC6312972013E004D2D01 /* FreeCurrencyRates */,
				94BCC6302972013E004D2D01 /* Products */,
			);
			sourceTree = "<group>";
		};
		94BCC6302972013E004D2D01 /* Products */ = {
			isa = PBXGroup;
			children = (
				94BCC62F2972013E004D2D01 /* FreeCurrencyRates.app */,
			);
			name = Products;
			sourceTree = "<group>";
		};
		94BCC6312972013E004D2D01 /* FreeCurrencyRates */ = {
			isa = PBXGroup;
			children = (
				94BCC649297202A0004D2D01 /* Views */,
				94BCC64829720281004D2D01 /* NetworkController */,
				94BCC64729720270004D2D01 /* ViewController */,
				94BCC6462972024E004D2D01 /* Models */,
				94BCC6322972013E004D2D01 /* AppDelegate.swift */,
				94BCC6342972013E004D2D01 /* SceneDelegate.swift */,
				94BCC6382972013E004D2D01 /* Main.storyboard */,
				94BCC63B2972013F004D2D01 /* Assets.xcassets */,
				94BCC63D2972013F004D2D01 /* LaunchScreen.storyboard */,
				94BCC6402972013F004D2D01 /* Info.plist */,
			);
			path = FreeCurrencyRates;
			sourceTree = "<group>";
		};
		94BCC6462972024E004D2D01 /* Models */ = {
			isa = PBXGroup;
			children = (
			);
			path = Models;
			sourceTree = "<group>";
		};
		94BCC64729720270004D2D01 /* ViewController */ = {
			isa = PBXGroup;
			children = (
				94BCC64C297212E4004D2D01 /* ConvertsionOneToOthersViewController.swift */,
				94BCC64E29721312004D2D01 /* ConversionFromBaseViewController.swift */,
				94BCC65429721AA8004D2D01 /* CurrenciesTableViewController.swift */,
			);
			path = ViewController;
			sourceTree = "<group>";
		};
		94BCC64829720281004D2D01 /* NetworkController */ = {
			isa = PBXGroup;
			children = (
				94BCC64A297202E0004D2D01 /* CurrencyNetworkController.swift */,
			);
			path = NetworkController;
			sourceTree = "<group>";
		};
		94BCC649297202A0004D2D01 /* Views */ = {
			isa = PBXGroup;
			children = (
				94BCC650297215EA004D2D01 /* BaseToOthersTableViewCell.swift */,
				94BCC65229721A38004D2D01 /* CurrenciesTableViewCell.swift */,
			);
			path = Views;
			sourceTree = "<group>";
		};
/* End PBXGroup section */

/* Begin PBXNativeTarget section */
		94BCC62E2972013E004D2D01 /* FreeCurrencyRates */ = {
			isa = PBXNativeTarget;
			buildConfigurationList = 94BCC6432972013F004D2D01 /* Build configuration list for PBXNativeTarget "FreeCurrencyRates" */;
			buildPhases = (
				94BCC62B2972013E004D2D01 /* Sources */,
				94BCC62C2972013E004D2D01 /* Frameworks */,
				94BCC62D2972013E004D2D01 /* Resources */,
			);
			buildRules = (
			);
			dependencies = (
			);
			name = FreeCurrencyRates;
			productName = FreeCurrencyRates;
			productReference = 94BCC62F2972013E004D2D01 /* FreeCurrencyRates.app */;
			productType = "com.apple.product-type.application";
		};
/* End PBXNativeTarget section */

/* Begin PBXProject section */
		94BCC6272972013E004D2D01 /* Project object */ = {
			isa = PBXProject;
			attributes = {
				BuildIndependentTargetsInParallel = 1;
				LastSwiftUpdateCheck = 1420;
				LastUpgradeCheck = 1420;
				TargetAttributes = {
					94BCC62E2972013E004D2D01 = {
						CreatedOnToolsVersion = 14.2;
					};
				};
			};
			buildConfigurationList = 94BCC62A2972013E004D2D01 /* Build configuration list for PBXProject "FreeCurrencyRates" */;
			compatibilityVersion = "Xcode 14.0";
			developmentRegion = en;
			hasScannedForEncodings = 0;
			knownRegions = (
				en,
				Base,
			);
			mainGroup = 94BCC6262972013E004D2D01;
			productRefGroup = 94BCC6302972013E004D2D01 /* Products */;
			projectDirPath = "";
			projectRoot = "";
			targets = (
				94BCC62E2972013E004D2D01 /* FreeCurrencyRates */,
			);
		};
/* End PBXProject section */

/* Begin PBXResourcesBuildPhase section */
		94BCC62D2972013E004D2D01 /* Resources */ = {
			isa = PBXResourcesBuildPhase;
			buildActionMask = 2147483647;
			files = (
				94BCC63F2972013F004D2D01 /* LaunchScreen.storyboard in Resources */,
				94BCC63C2972013F004D2D01 /* Assets.xcassets in Resources */,
				94BCC63A2972013E004D2D01 /* Main.storyboard in Resources */,
			);
			runOnlyForDeploymentPostprocessing = 0;
		};
/* End PBXResourcesBuildPhase section */

/* Begin PBXSourcesBuildPhase section */
		94BCC62B2972013E004D2D01 /* Sources */ = {
			isa = PBXSourcesBuildPhase;
			buildActionMask = 2147483647;
			files = (
				94BCC65529721AA8004D2D01 /* CurrenciesTableViewController.swift in Sources */,
				94BCC651297215EA004D2D01 /* BaseToOthersTableViewCell.swift in Sources */,
				94BCC65329721A38004D2D01 /* CurrenciesTableViewCell.swift in Sources */,
				94BCC64F29721312004D2D01 /* ConversionFromBaseViewController.swift in Sources */,
				94BCC6332972013E004D2D01 /* AppDelegate.swift in Sources */,
				94BCC64D297212E4004D2D01 /* ConvertsionOneToOthersViewController.swift in Sources */,
				94BCC6352972013E004D2D01 /* SceneDelegate.swift in Sources */,
				94BCC64B297202E0004D2D01 /* CurrencyNetworkController.swift in Sources */,
			);
			runOnlyForDeploymentPostprocessing = 0;
		};
/* End PBXSourcesBuildPhase section */

/* Begin PBXVariantGroup section */
		94BCC6382972013E004D2D01 /* Main.storyboard */ = {
			isa = PBXVariantGroup;
			children = (
				94BCC6392972013E004D2D01 /* Base */,
			);
			name = Main.storyboard;
			sourceTree = "<group>";
		};
		94BCC63D2972013F004D2D01 /* LaunchScreen.storyboard */ = {
			isa = PBXVariantGroup;
			children = (
				94BCC63E2972013F004D2D01 /* Base */,
			);
			name = LaunchScreen.storyboard;
			sourceTree = "<group>";
		};
/* End PBXVariantGroup section */

/* Begin XCBuildConfiguration section */
		94BCC6412972013F004D2D01 /* Debug */ = {
			isa = XCBuildConfiguration;
			buildSettings = {
				ALWAYS_SEARCH_USER_PATHS = NO;
				CLANG_ANALYZER_NONNULL = YES;
				CLANG_ANALYZER_NUMBER_OBJECT_CONVERSION = YES_AGGRESSIVE;
				CLANG_CXX_LANGUAGE_STANDARD = "gnu++20";
				CLANG_ENABLE_MODULES = YES;
				CLANG_ENABLE_OBJC_ARC = YES;
				CLANG_ENABLE_OBJC_WEAK = YES;
				CLANG_WARN_BLOCK_CAPTURE_AUTORELEASING = YES;
				CLANG_WARN_BOOL_CONVERSION = YES;
				CLANG_WARN_COMMA = YES;
				CLANG_WARN_CONSTANT_CONVERSION = YES;
				CLANG_WARN_DEPRECATED_OBJC_IMPLEMENTATIONS = YES;
				CLANG_WARN_DIRECT_OBJC_ISA_USAGE = YES_ERROR;
				CLANG_WARN_DOCUMENTATION_COMMENTS = YES;
				CLANG_WARN_EMPTY_BODY = YES;
				CLANG_WARN_ENUM_CONVERSION = YES;
				CLANG_WARN_INFINITE_RECURSION = YES;
				CLANG_WARN_INT_CONVERSION = YES;
				CLANG_WARN_NON_LITERAL_NULL_CONVERSION = YES;
				CLANG_WARN_OBJC_IMPLICIT_RETAIN_SELF = YES;
				CLANG_WARN_OBJC_LITERAL_CONVERSION = YES;
				CLANG_WARN_OBJC_ROOT_CLASS = YES_ERROR;
				CLANG_WARN_QUOTED_INCLUDE_IN_FRAMEWORK_HEADER = YES;
				CLANG_WARN_RANGE_LOOP_ANALYSIS = YES;
				CLANG_WARN_STRICT_PROTOTYPES = YES;
				CLANG_WARN_SUSPICIOUS_MOVE = YES;
				CLANG_WARN_UNGUARDED_AVAILABILITY = YES_AGGRESSIVE;
				CLANG_WARN_UNREACHABLE_CODE = YES;
				CLANG_WARN__DUPLICATE_METHOD_MATCH = YES;
				COPY_PHASE_STRIP = NO;
				DEBUG_INFORMATION_FORMAT = dwarf;
				ENABLE_STRICT_OBJC_MSGSEND = YES;
				ENABLE_TESTABILITY = YES;
				GCC_C_LANGUAGE_STANDARD = gnu11;
				GCC_DYNAMIC_NO_PIC = NO;
				GCC_NO_COMMON_BLOCKS = YES;
				GCC_OPTIMIZATION_LEVEL = 0;
				GCC_PREPROCESSOR_DEFINITIONS = (
					"DEBUG=1",
					"$(inherited)",
				);
				GCC_WARN_64_TO_32_BIT_CONVERSION = YES;
				GCC_WARN_ABOUT_RETURN_TYPE = YES_ERROR;
				GCC_WARN_UNDECLARED_SELECTOR = YES;
				GCC_WARN_UNINITIALIZED_AUTOS = YES_AGGRESSIVE;
				GCC_WARN_UNUSED_FUNCTION = YES;
				GCC_WARN_UNUSED_VARIABLE = YES;
				IPHONEOS_DEPLOYMENT_TARGET = 16.2;
				MTL_ENABLE_DEBUG_INFO = INCLUDE_SOURCE;
				MTL_FAST_MATH = YES;
				ONLY_ACTIVE_ARCH = YES;
				SDKROOT = iphoneos;
				SWIFT_ACTIVE_COMPILATION_CONDITIONS = DEBUG;
				SWIFT_OPTIMIZATION_LEVEL = "-Onone";
			};
			name = Debug;
		};
		94BCC6422972013F004D2D01 /* Release */ = {
			isa = XCBuildConfiguration;
			buildSettings = {
				ALWAYS_SEARCH_USER_PATHS = NO;
				CLANG_ANALYZER_NONNULL = YES;
				CLANG_ANALYZER_NUMBER_OBJECT_CONVERSION = YES_AGGRESSIVE;
				CLANG_CXX_LANGUAGE_STANDARD = "gnu++20";
				CLANG_ENABLE_MODULES = YES;
				CLANG_ENABLE_OBJC_ARC = YES;
				CLANG_ENABLE_OBJC_WEAK = YES;
				CLANG_WARN_BLOCK_CAPTURE_AUTORELEASING = YES;
				CLANG_WARN_BOOL_CONVERSION = YES;
				CLANG_WARN_COMMA = YES;
				CLANG_WARN_CONSTANT_CONVERSION = YES;
				CLANG_WARN_DEPRECATED_OBJC_IMPLEMENTATIONS = YES;
				CLANG_WARN_DIRECT_OBJC_ISA_USAGE = YES_ERROR;
				CLANG_WARN_DOCUMENTATION_COMMENTS = YES;
				CLANG_WARN_EMPTY_BODY = YES;
				CLANG_WARN_ENUM_CONVERSION = YES;
				CLANG_WARN_INFINITE_RECURSION = YES;
				CLANG_WARN_INT_CONVERSION = YES;
				CLANG_WARN_NON_LITERAL_NULL_CONVERSION = YES;
				CLANG_WARN_OBJC_IMPLICIT_RETAIN_SELF = YES;
				CLANG_WARN_OBJC_LITERAL_CONVERSION = YES;
				CLANG_WARN_OBJC_ROOT_CLASS = YES_ERROR;
				CLANG_WARN_QUOTED_INCLUDE_IN_FRAMEWORK_HEADER = YES;
				CLANG_WARN_RANGE_LOOP_ANALYSIS = YES;
				CLANG_WARN_STRICT_PROTOTYPES = YES;
				CLANG_WARN_SUSPICIOUS_MOVE = YES;
				CLANG_WARN_UNGUARDED_AVAILABILITY = YES_AGGRESSIVE;
				CLANG_WARN_UNREACHABLE_CODE = YES;
				CLANG_WARN__DUPLICATE_METHOD_MATCH = YES;
				COPY_PHASE_STRIP = NO;
				DEBUG_INFORMATION_FORMAT = "dwarf-with-dsym";
				ENABLE_NS_ASSERTIONS = NO;
				ENABLE_STRICT_OBJC_MSGSEND = YES;
				GCC_C_LANGUAGE_STANDARD = gnu11;
				GCC_NO_COMMON_BLOCKS = YES;
				GCC_WARN_64_TO_32_BIT_CONVERSION = YES;
				GCC_WARN_ABOUT_RETURN_TYPE = YES_ERROR;
				GCC_WARN_UNDECLARED_SELECTOR = YES;
				GCC_WARN_UNINITIALIZED_AUTOS = YES_AGGRESSIVE;
				GCC_WARN_UNUSED_FUNCTION = YES;
				GCC_WARN_UNUSED_VARIABLE = YES;
				IPHONEOS_DEPLOYMENT_TARGET = 16.2;
				MTL_ENABLE_DEBUG_INFO = NO;
				MTL_FAST_MATH = YES;
				SDKROOT = iphoneos;
				SWIFT_COMPILATION_MODE = wholemodule;
				SWIFT_OPTIMIZATION_LEVEL = "-O";
				VALIDATE_PRODUCT = YES;
			};
			name = Release;
		};
		94BCC6442972013F004D2D01 /* Debug */ = {
			isa = XCBuildConfiguration;
			buildSettings = {
				ASSETCATALOG_COMPILER_APPICON_NAME = AppIcon;
				ASSETCATALOG_COMPILER_GLOBAL_ACCENT_COLOR_NAME = AccentColor;
				CODE_SIGN_STYLE = Automatic;
				CURRENT_PROJECT_VERSION = 1;
				DEVELOPMENT_TEAM = 26666M9T3Z;
				GENERATE_INFOPLIST_FILE = YES;
				INFOPLIST_FILE = FreeCurrencyRates/Info.plist;
				INFOPLIST_KEY_UIApplicationSupportsIndirectInputEvents = YES;
				INFOPLIST_KEY_UILaunchStoryboardName = LaunchScreen;
				INFOPLIST_KEY_UIMainStoryboardFile = Main;
				INFOPLIST_KEY_UISupportedInterfaceOrientations_iPad = "UIInterfaceOrientationPortrait UIInterfaceOrientationPortraitUpsideDown UIInterfaceOrientationLandscapeLeft UIInterfaceOrientationLandscapeRight";
				INFOPLIST_KEY_UISupportedInterfaceOrientations_iPhone = "UIInterfaceOrientationPortrait UIInterfaceOrientationLandscapeLeft UIInterfaceOrientationLandscapeRight";
				LD_RUNPATH_SEARCH_PATHS = (
					"$(inherited)",
					"@executable_path/Frameworks",
				);
				MARKETING_VERSION = 1.0;
				PRODUCT_BUNDLE_IDENTIFIER = com.hirokimnm.FreeCurrencyRates;
				PRODUCT_NAME = "$(TARGET_NAME)";
				SWIFT_EMIT_LOC_STRINGS = YES;
				SWIFT_VERSION = 5.0;
				TARGETED_DEVICE_FAMILY = "1,2";
			};
			name = Debug;
		};
		94BCC6452972013F004D2D01 /* Release */ = {
			isa = XCBuildConfiguration;
			buildSettings = {
				ASSETCATALOG_COMPILER_APPICON_NAME = AppIcon;
				ASSETCATALOG_COMPILER_GLOBAL_ACCENT_COLOR_NAME = AccentColor;
				CODE_SIGN_STYLE = Automatic;
				CURRENT_PROJECT_VERSION = 1;
				DEVELOPMENT_TEAM = 26666M9T3Z;
				GENERATE_INFOPLIST_FILE = YES;
				INFOPLIST_FILE = FreeCurrencyRates/Info.plist;
				INFOPLIST_KEY_UIApplicationSupportsIndirectInputEvents = YES;
				INFOPLIST_KEY_UILaunchStoryboardName = LaunchScreen;
				INFOPLIST_KEY_UIMainStoryboardFile = Main;
				INFOPLIST_KEY_UISupportedInterfaceOrientations_iPad = "UIInterfaceOrientationPortrait UIInterfaceOrientationPortraitUpsideDown UIInterfaceOrientationLandscapeLeft UIInterfaceOrientationLandscapeRight";
				INFOPLIST_KEY_UISupportedInterfaceOrientations_iPhone = "UIInterfaceOrientationPortrait UIInterfaceOrientationLandscapeLeft UIInterfaceOrientationLandscapeRight";
				LD_RUNPATH_SEARCH_PATHS = (
					"$(inherited)",
					"@executable_path/Frameworks",
				);
				MARKETING_VERSION = 1.0;
				PRODUCT_BUNDLE_IDENTIFIER = com.hirokimnm.FreeCurrencyRates;
				PRODUCT_NAME = "$(TARGET_NAME)";
				SWIFT_EMIT_LOC_STRINGS = YES;
				SWIFT_VERSION = 5.0;
				TARGETED_DEVICE_FAMILY = "1,2";
			};
			name = Release;
		};
/* End XCBuildConfiguration section */

/* Begin XCConfigurationList section */
		94BCC62A2972013E004D2D01 /* Build configuration list for PBXProject "FreeCurrencyRates" */ = {
			isa = XCConfigurationList;
			buildConfigurations = (
				94BCC6412972013F004D2D01 /* Debug */,
				94BCC6422972013F004D2D01 /* Release */,
			);
			defaultConfigurationIsVisible = 0;
			defaultConfigurationName = Release;
		};
		94BCC6432972013F004D2D01 /* Build configuration list for PBXNativeTarget "FreeCurrencyRates" */ = {
			isa = XCConfigurationList;
			buildConfigurations = (
				94BCC6442972013F004D2D01 /* Debug */,
				94BCC6452972013F004D2D01 /* Release */,
			);
			defaultConfigurationIsVisible = 0;
			defaultConfigurationName = Release;
		};
/* End XCConfigurationList section */
	};
	rootObject = 94BCC6272972013E004D2D01 /* Project object */;
}
